
Microsoft Visual Studio Solution File, Format Version 12.00
# Visual Studio Version 17
VisualStudioVersion = 17.2.32616.157
MinimumVisualStudioVersion = 10.0.40219.1
Project("{9A19103F-16F7-4668-BE54-9A1E7A4F7556}") = "ChallengeAppConsole", "ChallengeAppConsole.csproj", "{23F3F1FA-F9A1-4409-AA56-1069C3B82F55}"
EndProject
Project("{9A19103F-16F7-4668-BE54-9A1E7A4F7556}") = "ChallengeAppConsoleTests", "..\ChallengeAppConsoleTests\ChallengeAppConsoleTests.csproj", "{DD1A6729-6034-44D5-9918-80BB72298242}"
EndProject
Global
	GlobalSection(SolutionConfigurationPlatforms) = preSolution
		Debug|Any CPU = Debug|Any CPU
		Release|Any CPU = Release|Any CPU
	EndGlobalSection
	GlobalSection(ProjectConfigurationPlatforms) = postSolution
		{23F3F1FA-F9A1-4409-AA56-1069C3B82F55}.Debug|Any CPU.ActiveCfg = Debug|Any CPU
		{23F3F1FA-F9A1-4409-AA56-1069C3B82F55}.Debug|Any CPU.Build.0 = Debug|Any CPU
		{23F3F1FA-F9A1-4409-AA56-1069C3B82F55}.Release|Any CPU.ActiveCfg = Release|Any CPU
		{23F3F1FA-F9A1-4409-AA56-1069C3B82F55}.Release|Any CPU.Build.0 = Release|Any CPU
		{DD1A6729-6034-44D5-9918-80BB72298242}.Debug|Any CPU.ActiveCfg = Debug|Any CPU
		{DD1A6729-6034-44D5-9918-80BB72298242}.Debug|Any CPU.Build.0 = Debug|Any CPU
		{DD1A6729-6034-44D5-9918-80BB72298242}.Release|Any CPU.ActiveCfg = Release|Any CPU
		{DD1A6729-6034-44D5-9918-80BB72298242}.Release|Any CPU.Build.0 = Release|Any CPU
	EndGlobalSection
	GlobalSection(SolutionProperties) = preSolution
		HideSolutionNode = FALSE
	EndGlobalSection
	GlobalSection(ExtensibilityGlobals) = postSolution
		SolutionGuid = {16A5A131-688C-406A-9F16-AAD90E665D0C}
	EndGlobalSection
EndGlobal
